
Microsoft Visual Studio Solution File, Format Version 12.00
# Visual Studio 15
VisualStudioVersion = 15.0.27703.2026
MinimumVisualStudioVersion = 10.0.40219.1
Project("{9A19103F-16F7-4668-BE54-9A1E7A4F7556}") = "ConsoleApp1", "ConsoleApp1\ConsoleApp1.csproj", "{C5879FD8-80FB-4E6F-B070-4E3ED555D0F0}"
EndProject
Project("{FAE04EC0-301F-11D3-BF4B-00C04F79EFBC}") = "ClassLibrary1", "ClassLibrary1\ClassLibrary1.csproj", "{7EAF44D4-7F5E-444E-8094-7E7AA11D3C59}"
EndProject
Project("{FAE04EC0-301F-11D3-BF4B-00C04F79EFBC}") = "UnitTestProject1", "UnitTestProject1\UnitTestProject1.csproj", "{C7AC5DCB-2127-4487-9E40-BEDC400CA2DF}"
EndProject
Global
	GlobalSection(SolutionConfigurationPlatforms) = preSolution
		Debug|Any CPU = Debug|Any CPU
		Release|Any CPU = Release|Any CPU
	EndGlobalSection
	GlobalSection(ProjectConfigurationPlatforms) = postSolution
		{C5879FD8-80FB-4E6F-B070-4E3ED555D0F0}.Debug|Any CPU.ActiveCfg = Debug|Any CPU
		{C5879FD8-80FB-4E6F-B070-4E3ED555D0F0}.Debug|Any CPU.Build.0 = Debug|Any CPU
		{C5879FD8-80FB-4E6F-B070-4E3ED555D0F0}.Release|Any CPU.ActiveCfg = Release|Any CPU
		{C5879FD8-80FB-4E6F-B070-4E3ED555D0F0}.Release|Any CPU.Build.0 = Release|Any CPU
		{7EAF44D4-7F5E-444E-8094-7E7AA11D3C59}.Debug|Any CPU.ActiveCfg = Debug|Any CPU
		{7EAF44D4-7F5E-444E-8094-7E7AA11D3C59}.Debug|Any CPU.Build.0 = Debug|Any CPU
		{7EAF44D4-7F5E-444E-8094-7E7AA11D3C59}.Release|Any CPU.ActiveCfg = Release|Any CPU
		{7EAF44D4-7F5E-444E-8094-7E7AA11D3C59}.Release|Any CPU.Build.0 = Release|Any CPU
		{C7AC5DCB-2127-4487-9E40-BEDC400CA2DF}.Debug|Any CPU.ActiveCfg = Debug|Any CPU
		{C7AC5DCB-2127-4487-9E40-BEDC400CA2DF}.Debug|Any CPU.Build.0 = Debug|Any CPU
		{C7AC5DCB-2127-4487-9E40-BEDC400CA2DF}.Release|Any CPU.ActiveCfg = Release|Any CPU
		{C7AC5DCB-2127-4487-9E40-BEDC400CA2DF}.Release|Any CPU.Build.0 = Release|Any CPU
	EndGlobalSection
	GlobalSection(SolutionProperties) = preSolution
		HideSolutionNode = FALSE
	EndGlobalSection
	GlobalSection(ExtensibilityGlobals) = postSolution
		SolutionGuid = {C6D8D7F0-3B08-4070-B144-CDCD4882CC46}
	EndGlobalSection
EndGlobal
